
Microsoft Visual Studio Solution File, Format Version 12.00
# Visual Studio Version 17
VisualStudioVersion = 17.6.33712.159
MinimumVisualStudioVersion = 10.0.40219.1
Project("{9A19103F-16F7-4668-BE54-9A1E7A4F7556}") = "HatebookUX", "HatebookUX.csproj", "{90530BEB-2087-4248-87CB-D4AE08306C76}"
EndProject
Project("{9A19103F-16F7-4668-BE54-9A1E7A4F7556}") = "Hatebook", "..\Hatebook\Hatebook.csproj", "{69393536-DAD2-43D6-B139-61F3DA40E1C4}"
EndProject
Global
	GlobalSection(SolutionConfigurationPlatforms) = preSolution
		Debug|Any CPU = Debug|Any CPU
		Release|Any CPU = Release|Any CPU
	EndGlobalSection
	GlobalSection(ProjectConfigurationPlatforms) = postSolution
		{90530BEB-2087-4248-87CB-D4AE08306C76}.Debug|Any CPU.ActiveCfg = Debug|Any CPU
		{90530BEB-2087-4248-87CB-D4AE08306C76}.Debug|Any CPU.Build.0 = Debug|Any CPU
		{90530BEB-2087-4248-87CB-D4AE08306C76}.Release|Any CPU.ActiveCfg = Release|Any CPU
		{90530BEB-2087-4248-87CB-D4AE08306C76}.Release|Any CPU.Build.0 = Release|Any CPU
		{69393536-DAD2-43D6-B139-61F3DA40E1C4}.Debug|Any CPU.ActiveCfg = Debug|Any CPU
		{69393536-DAD2-43D6-B139-61F3DA40E1C4}.Debug|Any CPU.Build.0 = Debug|Any CPU
		{69393536-DAD2-43D6-B139-61F3DA40E1C4}.Release|Any CPU.ActiveCfg = Release|Any CPU
		{69393536-DAD2-43D6-B139-61F3DA40E1C4}.Release|Any CPU.Build.0 = Release|Any CPU
	EndGlobalSection
	GlobalSection(SolutionProperties) = preSolution
		HideSolutionNode = FALSE
	EndGlobalSection
	GlobalSection(ExtensibilityGlobals) = postSolution
		SolutionGuid = {295381FD-DE0F-4E59-8B8D-CD8BC1BD9CFC}
	EndGlobalSection
EndGlobal
